
Microsoft Visual Studio Solution File, Format Version 12.00
# Visual Studio Version 17
VisualStudioVersion = 17.3.32804.467
MinimumVisualStudioVersion = 10.0.40219.1
Project("{9A19103F-16F7-4668-BE54-9A1E7A4F7556}") = "CurrentCost.Console", "CurrentCost.Console\CurrentCost.Console.csproj", "{A20FF8D3-97D6-4BCA-BFBA-28A36839F1F9}"
EndProject
Project("{9A19103F-16F7-4668-BE54-9A1E7A4F7556}") = "CurrentCost.Test", "CurrentCost.Test\CurrentCost.Test.csproj", "{EFB229DA-9EAA-4C37-98AD-4730ABD75CEE}"
EndProject
Project("{9A19103F-16F7-4668-BE54-9A1E7A4F7556}") = "CurrentCost", "CurrentCost\CurrentCost.csproj", "{FB3DF4A0-5045-482F-B7D2-1DB019E4464F}"
EndProject
Project("{9A19103F-16F7-4668-BE54-9A1E7A4F7556}") = "CurrentCost.Monitor", "CurrentCost.Monitor\CurrentCost.Monitor.csproj", "{2EA165B0-4308-48FB-9A3D-A19343295053}"
EndProject
Project("{E53339B2-1760-4266-BCC7-CA923CBCF16C}") = "docker-compose", "docker-compose.dcproj", "{260A14AF-3C1B-4387-ADD5-5A7FF6803B3C}"
EndProject
Project("{2150E333-8FDC-42A3-9474-1A3956D46DE8}") = "Solution Items", "Solution Items", "{2A5D223B-D29A-4F05-9565-B6A6AAD82BC0}"
	ProjectSection(SolutionItems) = preProject
		..\.gitattributes = ..\.gitattributes
		..\.gitignore = ..\.gitignore
		Directory.Packages.props = Directory.Packages.props
		otel-collector-config.yaml = otel-collector-config.yaml
		prometheus.yml = prometheus.yml
		..\README.md = ..\README.md
	EndProjectSection
EndProject
Global
	GlobalSection(SolutionConfigurationPlatforms) = preSolution
		Debug|Any CPU = Debug|Any CPU
		Release|Any CPU = Release|Any CPU
	EndGlobalSection
	GlobalSection(ProjectConfigurationPlatforms) = postSolution
		{A20FF8D3-97D6-4BCA-BFBA-28A36839F1F9}.Debug|Any CPU.ActiveCfg = Debug|Any CPU
		{A20FF8D3-97D6-4BCA-BFBA-28A36839F1F9}.Debug|Any CPU.Build.0 = Debug|Any CPU
		{A20FF8D3-97D6-4BCA-BFBA-28A36839F1F9}.Release|Any CPU.ActiveCfg = Release|Any CPU
		{A20FF8D3-97D6-4BCA-BFBA-28A36839F1F9}.Release|Any CPU.Build.0 = Release|Any CPU
		{EFB229DA-9EAA-4C37-98AD-4730ABD75CEE}.Debug|Any CPU.ActiveCfg = Debug|Any CPU
		{EFB229DA-9EAA-4C37-98AD-4730ABD75CEE}.Debug|Any CPU.Build.0 = Debug|Any CPU
		{EFB229DA-9EAA-4C37-98AD-4730ABD75CEE}.Release|Any CPU.ActiveCfg = Release|Any CPU
		{EFB229DA-9EAA-4C37-98AD-4730ABD75CEE}.Release|Any CPU.Build.0 = Release|Any CPU
		{FB3DF4A0-5045-482F-B7D2-1DB019E4464F}.Debug|Any CPU.ActiveCfg = Debug|Any CPU
		{FB3DF4A0-5045-482F-B7D2-1DB019E4464F}.Debug|Any CPU.Build.0 = Debug|Any CPU
		{FB3DF4A0-5045-482F-B7D2-1DB019E4464F}.Release|Any CPU.ActiveCfg = Release|Any CPU
		{FB3DF4A0-5045-482F-B7D2-1DB019E4464F}.Release|Any CPU.Build.0 = Release|Any CPU
		{2EA165B0-4308-48FB-9A3D-A19343295053}.Debug|Any CPU.ActiveCfg = Debug|Any CPU
		{2EA165B0-4308-48FB-9A3D-A19343295053}.Debug|Any CPU.Build.0 = Debug|Any CPU
		{2EA165B0-4308-48FB-9A3D-A19343295053}.Release|Any CPU.ActiveCfg = Release|Any CPU
		{2EA165B0-4308-48FB-9A3D-A19343295053}.Release|Any CPU.Build.0 = Release|Any CPU
		{260A14AF-3C1B-4387-ADD5-5A7FF6803B3C}.Debug|Any CPU.ActiveCfg = Debug|Any CPU
		{260A14AF-3C1B-4387-ADD5-5A7FF6803B3C}.Debug|Any CPU.Build.0 = Debug|Any CPU
		{260A14AF-3C1B-4387-ADD5-5A7FF6803B3C}.Release|Any CPU.ActiveCfg = Release|Any CPU
		{260A14AF-3C1B-4387-ADD5-5A7FF6803B3C}.Release|Any CPU.Build.0 = Release|Any CPU
	EndGlobalSection
	GlobalSection(SolutionProperties) = preSolution
		HideSolutionNode = FALSE
	EndGlobalSection
	GlobalSection(ExtensibilityGlobals) = postSolution
		SolutionGuid = {C113CD7A-CF6B-46B2-8DA5-7D5D42B92CCC}
	EndGlobalSection
EndGlobal
